
Microsoft Visual Studio Solution File, Format Version 12.00
# Visual Studio Version 16
VisualStudioVersion = 16.0.32228.343
MinimumVisualStudioVersion = 10.0.40219.1
Project("{9A19103F-16F7-4668-BE54-9A1E7A4F7556}") = "Worker", "Worker\Worker.csproj", "{F8AB2FE0-3C20-4129-86CE-94C3E5C51D9A}"
EndProject
Project("{9A19103F-16F7-4668-BE54-9A1E7A4F7556}") = "OrderSender", "OrderSender\OrderSender.csproj", "{FC29145F-43A6-48D2-AC95-E2F9DD062D76}"
EndProject
Global
	GlobalSection(SolutionConfigurationPlatforms) = preSolution
		Debug|Any CPU = Debug|Any CPU
		Release|Any CPU = Release|Any CPU
	EndGlobalSection
	GlobalSection(ProjectConfigurationPlatforms) = postSolution
		{F8AB2FE0-3C20-4129-86CE-94C3E5C51D9A}.Debug|Any CPU.ActiveCfg = Debug|Any CPU
		{F8AB2FE0-3C20-4129-86CE-94C3E5C51D9A}.Debug|Any CPU.Build.0 = Debug|Any CPU
		{F8AB2FE0-3C20-4129-86CE-94C3E5C51D9A}.Release|Any CPU.ActiveCfg = Release|Any CPU
		{F8AB2FE0-3C20-4129-86CE-94C3E5C51D9A}.Release|Any CPU.Build.0 = Release|Any CPU
		{FC29145F-43A6-48D2-AC95-E2F9DD062D76}.Debug|Any CPU.ActiveCfg = Debug|Any CPU
		{FC29145F-43A6-48D2-AC95-E2F9DD062D76}.Debug|Any CPU.Build.0 = Debug|Any CPU
		{FC29145F-43A6-48D2-AC95-E2F9DD062D76}.Release|Any CPU.ActiveCfg = Release|Any CPU
		{FC29145F-43A6-48D2-AC95-E2F9DD062D76}.Release|Any CPU.Build.0 = Release|Any CPU
	EndGlobalSection
	GlobalSection(SolutionProperties) = preSolution
		HideSolutionNode = FALSE
	EndGlobalSection
	GlobalSection(ExtensibilityGlobals) = postSolution
		SolutionGuid = {391D139F-AD8A-43BE-B6BA-01676BD6C8D4}
	EndGlobalSection
EndGlobal
